// !$*UTF8*$!
{
	archiveVersion = 1;
	classes = {
	};
	objectVersion = 55;
	objects = {

/* Begin PBXBuildFile section */
		A40A7B76285857B900313F1F /* CroppedImage.swift in Sources */ = {isa = PBXBuildFile; fileRef = A40A7B75285857B900313F1F /* CroppedImage.swift */; };
		A40A7B782858731100313F1F /* Commented.swift in Sources */ = {isa = PBXBuildFile; fileRef = A40A7B772858731100313F1F /* Commented.swift */; };
		A40CAC4E28622303007858C1 /* AspectRatioAndRotateView.swift in Sources */ = {isa = PBXBuildFile; fileRef = A40CAC4D28622302007858C1 /* AspectRatioAndRotateView.swift */; };
		A423DFD0285846F8004D9C40 /* ProjectApp.swift in Sources */ = {isa = PBXBuildFile; fileRef = A423DFCF285846F8004D9C40 /* ProjectApp.swift */; };
		A423DFD2285846F8004D9C40 /* ContentView.swift in Sources */ = {isa = PBXBuildFile; fileRef = A423DFD1285846F8004D9C40 /* ContentView.swift */; };
		A423DFD4285846FE004D9C40 /* Assets.xcassets in Resources */ = {isa = PBXBuildFile; fileRef = A423DFD3285846FE004D9C40 /* Assets.xcassets */; };
		A423DFD7285846FE004D9C40 /* Preview Assets.xcassets in Resources */ = {isa = PBXBuildFile; fileRef = A423DFD6285846FE004D9C40 /* Preview Assets.xcassets */; };
		A423DFE1285846FE004D9C40 /* ProjectTests.swift in Sources */ = {isa = PBXBuildFile; fileRef = A423DFE0285846FE004D9C40 /* ProjectTests.swift */; };
		A423DFEB285846FE004D9C40 /* ProjectUITests.swift in Sources */ = {isa = PBXBuildFile; fileRef = A423DFEA285846FE004D9C40 /* ProjectUITests.swift */; };
		A423DFED285846FE004D9C40 /* ProjectUITestsLaunchTests.swift in Sources */ = {isa = PBXBuildFile; fileRef = A423DFEC285846FE004D9C40 /* ProjectUITestsLaunchTests.swift */; };
		A423DFFA285847AC004D9C40 /* CroppingPage.swift in Sources */ = {isa = PBXBuildFile; fileRef = A423DFF9285847AC004D9C40 /* CroppingPage.swift */; };
		A423DFFC285847C5004D9C40 /* ZoomAndScroll.swift in Sources */ = {isa = PBXBuildFile; fileRef = A423DFFB285847C5004D9C40 /* ZoomAndScroll.swift */; };
		A423DFFE285847D7004D9C40 /* ImagePicker.swift in Sources */ = {isa = PBXBuildFile; fileRef = A423DFFD285847D7004D9C40 /* ImagePicker.swift */; };
		A4D54522285E057D00C1A7FD /* InbuiltFilterView.swift in Sources */ = {isa = PBXBuildFile; fileRef = A4D54521285E057D00C1A7FD /* InbuiltFilterView.swift */; };
		A4D5BCE3285E402900FBA9B0 /* OldCroppingPage.swift in Sources */ = {isa = PBXBuildFile; fileRef = A4D5BCE2285E402900FBA9B0 /* OldCroppingPage.swift */; };
		A4E247B0285C85C00030942C /* SelectImageView.swift in Sources */ = {isa = PBXBuildFile; fileRef = A4E247AF285C85BF0030942C /* SelectImageView.swift */; };
/* End PBXBuildFile section */

/* Begin PBXContainerItemProxy section */
		A423DFDD285846FE004D9C40 /* PBXContainerItemProxy */ = {
			isa = PBXContainerItemProxy;
			containerPortal = A423DFC4285846F8004D9C40 /* Project object */;
			proxyType = 1;
			remoteGlobalIDString = A423DFCB285846F8004D9C40;
			remoteInfo = Project;
		};
		A423DFE7285846FE004D9C40 /* PBXContainerItemProxy */ = {
			isa = PBXContainerItemProxy;
			containerPortal = A423DFC4285846F8004D9C40 /* Project object */;
			proxyType = 1;
			remoteGlobalIDString = A423DFCB285846F8004D9C40;
			remoteInfo = Project;
		};
/* End PBXContainerItemProxy section */

/* Begin PBXFileReference section */
		A40A7B75285857B900313F1F /* CroppedImage.swift */ = {isa = PBXFileReference; lastKnownFileType = sourcecode.swift; path = CroppedImage.swift; sourceTree = "<group>"; };
		A40A7B772858731100313F1F /* Commented.swift */ = {isa = PBXFileReference; lastKnownFileType = sourcecode.swift; path = Commented.swift; sourceTree = "<group>"; };
		A40CAC4D28622302007858C1 /* AspectRatioAndRotateView.swift */ = {isa = PBXFileReference; lastKnownFileType = sourcecode.swift; path = AspectRatioAndRotateView.swift; sourceTree = "<group>"; };
		A423DFCC285846F8004D9C40 /* Project.app */ = {isa = PBXFileReference; explicitFileType = wrapper.application; includeInIndex = 0; path = Project.app; sourceTree = BUILT_PRODUCTS_DIR; };
		A423DFCF285846F8004D9C40 /* ProjectApp.swift */ = {isa = PBXFileReference; lastKnownFileType = sourcecode.swift; path = ProjectApp.swift; sourceTree = "<group>"; };
		A423DFD1285846F8004D9C40 /* ContentView.swift */ = {isa = PBXFileReference; lastKnownFileType = sourcecode.swift; path = ContentView.swift; sourceTree = "<group>"; };
		A423DFD3285846FE004D9C40 /* Assets.xcassets */ = {isa = PBXFileReference; lastKnownFileType = folder.assetcatalog; path = Assets.xcassets; sourceTree = "<group>"; };
		A423DFD6285846FE004D9C40 /* Preview Assets.xcassets */ = {isa = PBXFileReference; lastKnownFileType = folder.assetcatalog; path = "Preview Assets.xcassets"; sourceTree = "<group>"; };
		A423DFDC285846FE004D9C40 /* ProjectTests.xctest */ = {isa = PBXFileReference; explicitFileType = wrapper.cfbundle; includeInIndex = 0; path = ProjectTests.xctest; sourceTree = BUILT_PRODUCTS_DIR; };
		A423DFE0285846FE004D9C40 /* ProjectTests.swift */ = {isa = PBXFileReference; lastKnownFileType = sourcecode.swift; path = ProjectTests.swift; sourceTree = "<group>"; };
		A423DFE6285846FE004D9C40 /* ProjectUITests.xctest */ = {isa = PBXFileReference; explicitFileType = wrapper.cfbundle; includeInIndex = 0; path = ProjectUITests.xctest; sourceTree = BUILT_PRODUCTS_DIR; };
		A423DFEA285846FE004D9C40 /* ProjectUITests.swift */ = {isa = PBXFileReference; lastKnownFileType = sourcecode.swift; path = ProjectUITests.swift; sourceTree = "<group>"; };
		A423DFEC285846FE004D9C40 /* ProjectUITestsLaunchTests.swift */ = {isa = PBXFileReference; lastKnownFileType = sourcecode.swift; path = ProjectUITestsLaunchTests.swift; sourceTree = "<group>"; };
		A423DFF9285847AC004D9C40 /* CroppingPage.swift */ = {isa = PBXFileReference; lastKnownFileType = sourcecode.swift; path = CroppingPage.swift; sourceTree = "<group>"; };
		A423DFFB285847C5004D9C40 /* ZoomAndScroll.swift */ = {isa = PBXFileReference; lastKnownFileType = sourcecode.swift; path = ZoomAndScroll.swift; sourceTree = "<group>"; };
		A423DFFD285847D7004D9C40 /* ImagePicker.swift */ = {isa = PBXFileReference; lastKnownFileType = sourcecode.swift; path = ImagePicker.swift; sourceTree = "<group>"; };
		A4D54521285E057D00C1A7FD /* InbuiltFilterView.swift */ = {isa = PBXFileReference; lastKnownFileType = sourcecode.swift; path = InbuiltFilterView.swift; sourceTree = "<group>"; };
		A4D5BCE2285E402900FBA9B0 /* OldCroppingPage.swift */ = {isa = PBXFileReference; lastKnownFileType = sourcecode.swift; path = OldCroppingPage.swift; sourceTree = "<group>"; };
		A4E247AF285C85BF0030942C /* SelectImageView.swift */ = {isa = PBXFileReference; lastKnownFileType = sourcecode.swift; path = SelectImageView.swift; sourceTree = "<group>"; };
/* End PBXFileReference section */

/* Begin PBXFrameworksBuildPhase section */
		A423DFC9285846F8004D9C40 /* Frameworks */ = {
			isa = PBXFrameworksBuildPhase;
			buildActionMask = 2147483647;
			files = (
			);
			runOnlyForDeploymentPostprocessing = 0;
		};
		A423DFD9285846FE004D9C40 /* Frameworks */ = {
			isa = PBXFrameworksBuildPhase;
			buildActionMask = 2147483647;
			files = (
			);
			runOnlyForDeploymentPostprocessing = 0;
		};
		A423DFE3285846FE004D9C40 /* Frameworks */ = {
			isa = PBXFrameworksBuildPhase;
			buildActionMask = 2147483647;
			files = (
			);
			runOnlyForDeploymentPostprocessing = 0;
		};
/* End PBXFrameworksBuildPhase section */

/* Begin PBXGroup section */
		A423DFC3285846F8004D9C40 = {
			isa = PBXGroup;
			children = (
				A423DFCE285846F8004D9C40 /* Project */,
				A423DFDF285846FE004D9C40 /* ProjectTests */,
				A423DFE9285846FE004D9C40 /* ProjectUITests */,
				A423DFCD285846F8004D9C40 /* Products */,
			);
			sourceTree = "<group>";
		};
		A423DFCD285846F8004D9C40 /* Products */ = {
			isa = PBXGroup;
			children = (
				A423DFCC285846F8004D9C40 /* Project.app */,
				A423DFDC285846FE004D9C40 /* ProjectTests.xctest */,
				A423DFE6285846FE004D9C40 /* ProjectUITests.xctest */,
			);
			name = Products;
			sourceTree = "<group>";
		};
		A423DFCE285846F8004D9C40 /* Project */ = {
			isa = PBXGroup;
			children = (
				A423DFCF285846F8004D9C40 /* ProjectApp.swift */,
				A423DFD1285846F8004D9C40 /* ContentView.swift */,
				A4E247AF285C85BF0030942C /* SelectImageView.swift */,
				A423DFF9285847AC004D9C40 /* CroppingPage.swift */,
				A40CAC4D28622302007858C1 /* AspectRatioAndRotateView.swift */,
				A423DFFB285847C5004D9C40 /* ZoomAndScroll.swift */,
				A40A7B75285857B900313F1F /* CroppedImage.swift */,
				A40A7B772858731100313F1F /* Commented.swift */,
				A4D5BCE2285E402900FBA9B0 /* OldCroppingPage.swift */,
				A423DFFD285847D7004D9C40 /* ImagePicker.swift */,
				A4D54521285E057D00C1A7FD /* InbuiltFilterView.swift */,
				A423DFD3285846FE004D9C40 /* Assets.xcassets */,
				A423DFD5285846FE004D9C40 /* Preview Content */,
			);
			path = Project;
			sourceTree = "<group>";
		};
		A423DFD5285846FE004D9C40 /* Preview Content */ = {
			isa = PBXGroup;
			children = (
				A423DFD6285846FE004D9C40 /* Preview Assets.xcassets */,
			);
			path = "Preview Content";
			sourceTree = "<group>";
		};
		A423DFDF285846FE004D9C40 /* ProjectTests */ = {
			isa = PBXGroup;
			children = (
				A423DFE0285846FE004D9C40 /* ProjectTests.swift */,
			);
			path = ProjectTests;
			sourceTree = "<group>";
		};
		A423DFE9285846FE004D9C40 /* ProjectUITests */ = {
			isa = PBXGroup;
			children = (
				A423DFEA285846FE004D9C40 /* ProjectUITests.swift */,
				A423DFEC285846FE004D9C40 /* ProjectUITestsLaunchTests.swift */,
			);
			path = ProjectUITests;
			sourceTree = "<group>";
		};
/* End PBXGroup section */

/* Begin PBXNativeTarget section */
		A423DFCB285846F8004D9C40 /* Project */ = {
			isa = PBXNativeTarget;
			buildConfigurationList = A423DFF0285846FE004D9C40 /* Build configuration list for PBXNativeTarget "Project" */;
			buildPhases = (
				A423DFC8285846F8004D9C40 /* Sources */,
				A423DFC9285846F8004D9C40 /* Frameworks */,
				A423DFCA285846F8004D9C40 /* Resources */,
			);
			buildRules = (
			);
			dependencies = (
			);
			name = Project;
			productName = Project;
			productReference = A423DFCC285846F8004D9C40 /* Project.app */;
			productType = "com.apple.product-type.application";
		};
		A423DFDB285846FE004D9C40 /* ProjectTests */ = {
			isa = PBXNativeTarget;
			buildConfigurationList = A423DFF3285846FE004D9C40 /* Build configuration list for PBXNativeTarget "ProjectTests" */;
			buildPhases = (
				A423DFD8285846FE004D9C40 /* Sources */,
				A423DFD9285846FE004D9C40 /* Frameworks */,
				A423DFDA285846FE004D9C40 /* Resources */,
			);
			buildRules = (
			);
			dependencies = (
				A423DFDE285846FE004D9C40 /* PBXTargetDependency */,
			);
			name = ProjectTests;
			productName = ProjectTests;
			productReference = A423DFDC285846FE004D9C40 /* ProjectTests.xctest */;
			productType = "com.apple.product-type.bundle.unit-test";
		};
		A423DFE5285846FE004D9C40 /* ProjectUITests */ = {
			isa = PBXNativeTarget;
			buildConfigurationList = A423DFF6285846FE004D9C40 /* Build configuration list for PBXNativeTarget "ProjectUITests" */;
			buildPhases = (
				A423DFE2285846FE004D9C40 /* Sources */,
				A423DFE3285846FE004D9C40 /* Frameworks */,
				A423DFE4285846FE004D9C40 /* Resources */,
			);
			buildRules = (
			);
			dependencies = (
				A423DFE8285846FE004D9C40 /* PBXTargetDependency */,
			);
			name = ProjectUITests;
			productName = ProjectUITests;
			productReference = A423DFE6285846FE004D9C40 /* ProjectUITests.xctest */;
			productType = "com.apple.product-type.bundle.ui-testing";
		};
/* End PBXNativeTarget section */

/* Begin PBXProject section */
		A423DFC4285846F8004D9C40 /* Project object */ = {
			isa = PBXProject;
			attributes = {
				BuildIndependentTargetsInParallel = 1;
				LastSwiftUpdateCheck = 1340;
				LastUpgradeCheck = 1340;
				TargetAttributes = {
					A423DFCB285846F8004D9C40 = {
						CreatedOnToolsVersion = 13.4;
					};
					A423DFDB285846FE004D9C40 = {
						CreatedOnToolsVersion = 13.4;
						TestTargetID = A423DFCB285846F8004D9C40;
					};
					A423DFE5285846FE004D9C40 = {
						CreatedOnToolsVersion = 13.4;
						TestTargetID = A423DFCB285846F8004D9C40;
					};
				};
			};
			buildConfigurationList = A423DFC7285846F8004D9C40 /* Build configuration list for PBXProject "Project" */;
			compatibilityVersion = "Xcode 13.0";
			developmentRegion = en;
			hasScannedForEncodings = 0;
			knownRegions = (
				en,
				Base,
			);
			mainGroup = A423DFC3285846F8004D9C40;
			productRefGroup = A423DFCD285846F8004D9C40 /* Products */;
			projectDirPath = "";
			projectRoot = "";
			targets = (
				A423DFCB285846F8004D9C40 /* Project */,
				A423DFDB285846FE004D9C40 /* ProjectTests */,
				A423DFE5285846FE004D9C40 /* ProjectUITests */,
			);
		};
/* End PBXProject section */

/* Begin PBXResourcesBuildPhase section */
		A423DFCA285846F8004D9C40 /* Resources */ = {
			isa = PBXResourcesBuildPhase;
			buildActionMask = 2147483647;
			files = (
				A423DFD7285846FE004D9C40 /* Preview Assets.xcassets in Resources */,
				A423DFD4285846FE004D9C40 /* Assets.xcassets in Resources */,
			);
			runOnlyForDeploymentPostprocessing = 0;
		};
		A423DFDA285846FE004D9C40 /* Resources */ = {
			isa = PBXResourcesBuildPhase;
			buildActionMask = 2147483647;
			files = (
			);
			runOnlyForDeploymentPostprocessing = 0;
		};
		A423DFE4285846FE004D9C40 /* Resources */ = {
			isa = PBXResourcesBuildPhase;
			buildActionMask = 2147483647;
			files = (
			);
			runOnlyForDeploymentPostprocessing = 0;
		};
/* End PBXResourcesBuildPhase section */

/* Begin PBXSourcesBuildPhase section */
		A423DFC8285846F8004D9C40 /* Sources */ = {
			isa = PBXSourcesBuildPhase;
			buildActionMask = 2147483647;
			files = (
				A40A7B782858731100313F1F /* Commented.swift in Sources */,
				A423DFFA285847AC004D9C40 /* CroppingPage.swift in Sources */,
				A423DFFC285847C5004D9C40 /* ZoomAndScroll.swift in Sources */,
				A423DFFE285847D7004D9C40 /* ImagePicker.swift in Sources */,
				A40A7B76285857B900313F1F /* CroppedImage.swift in Sources */,
				A423DFD2285846F8004D9C40 /* ContentView.swift in Sources */,
				A40CAC4E28622303007858C1 /* AspectRatioAndRotateView.swift in Sources */,
				A4D5BCE3285E402900FBA9B0 /* OldCroppingPage.swift in Sources */,
				A4E247B0285C85C00030942C /* SelectImageView.swift in Sources */,
				A423DFD0285846F8004D9C40 /* ProjectApp.swift in Sources */,
				A4D54522285E057D00C1A7FD /* InbuiltFilterView.swift in Sources */,
			);
			runOnlyForDeploymentPostprocessing = 0;
		};
		A423DFD8285846FE004D9C40 /* Sources */ = {
			isa = PBXSourcesBuildPhase;
			buildActionMask = 2147483647;
			files = (
				A423DFE1285846FE004D9C40 /* ProjectTests.swift in Sources */,
			);
			runOnlyForDeploymentPostprocessing = 0;
		};
		A423DFE2285846FE004D9C40 /* Sources */ = {
			isa = PBXSourcesBuildPhase;
			buildActionMask = 2147483647;
			files = (
				A423DFED285846FE004D9C40 /* ProjectUITestsLaunchTests.swift in Sources */,
				A423DFEB285846FE004D9C40 /* ProjectUITests.swift in Sources */,
			);
			runOnlyForDeploymentPostprocessing = 0;
		};
/* End PBXSourcesBuildPhase section */

/* Begin PBXTargetDependency section */
		A423DFDE285846FE004D9C40 /* PBXTargetDependency */ = {
			isa = PBXTargetDependency;
			target = A423DFCB285846F8004D9C40 /* Project */;
			targetProxy = A423DFDD285846FE004D9C40 /* PBXContainerItemProxy */;
		};
		A423DFE8285846FE004D9C40 /* PBXTargetDependency */ = {
			isa = PBXTargetDependency;
			target = A423DFCB285846F8004D9C40 /* Project */;
			targetProxy = A423DFE7285846FE004D9C40 /* PBXContainerItemProxy */;
		};
/* End PBXTargetDependency section */

/* Begin XCBuildConfiguration section */
		A423DFEE285846FE004D9C40 /* Debug */ = {
			isa = XCBuildConfiguration;
			buildSettings = {
				ALWAYS_SEARCH_USER_PATHS = NO;
				CLANG_ANALYZER_NONNULL = YES;
				CLANG_ANALYZER_NUMBER_OBJECT_CONVERSION = YES_AGGRESSIVE;
				CLANG_CXX_LANGUAGE_STANDARD = "gnu++17";
				CLANG_ENABLE_MODULES = YES;
				CLANG_ENABLE_OBJC_ARC = YES;
				CLANG_ENABLE_OBJC_WEAK = YES;
				CLANG_WARN_BLOCK_CAPTURE_AUTORELEASING = YES;
				CLANG_WARN_BOOL_CONVERSION = YES;
				CLANG_WARN_COMMA = YES;
				CLANG_WARN_CONSTANT_CONVERSION = YES;
				CLANG_WARN_DEPRECATED_OBJC_IMPLEMENTATIONS = YES;
				CLANG_WARN_DIRECT_OBJC_ISA_USAGE = YES_ERROR;
				CLANG_WARN_DOCUMENTATION_COMMENTS = YES;
				CLANG_WARN_EMPTY_BODY = YES;
				CLANG_WARN_ENUM_CONVERSION = YES;
				CLANG_WARN_INFINITE_RECURSION = YES;
				CLANG_WARN_INT_CONVERSION = YES;
				CLANG_WARN_NON_LITERAL_NULL_CONVERSION = YES;
				CLANG_WARN_OBJC_IMPLICIT_RETAIN_SELF = YES;
				CLANG_WARN_OBJC_LITERAL_CONVERSION = YES;
				CLANG_WARN_OBJC_ROOT_CLASS = YES_ERROR;
				CLANG_WARN_QUOTED_INCLUDE_IN_FRAMEWORK_HEADER = YES;
				CLANG_WARN_RANGE_LOOP_ANALYSIS = YES;
				CLANG_WARN_STRICT_PROTOTYPES = YES;
				CLANG_WARN_SUSPICIOUS_MOVE = YES;
				CLANG_WARN_UNGUARDED_AVAILABILITY = YES_AGGRESSIVE;
				CLANG_WARN_UNREACHABLE_CODE = YES;
				CLANG_WARN__DUPLICATE_METHOD_MATCH = YES;
				COPY_PHASE_STRIP = NO;
				DEBUG_INFORMATION_FORMAT = dwarf;
				ENABLE_STRICT_OBJC_MSGSEND = YES;
				ENABLE_TESTABILITY = YES;
				GCC_C_LANGUAGE_STANDARD = gnu11;
				GCC_DYNAMIC_NO_PIC = NO;
				GCC_NO_COMMON_BLOCKS = YES;
				GCC_OPTIMIZATION_LEVEL = 0;
				GCC_PREPROCESSOR_DEFINITIONS = (
					"DEBUG=1",
					"$(inherited)",
				);
				GCC_WARN_64_TO_32_BIT_CONVERSION = YES;
				GCC_WARN_ABOUT_RETURN_TYPE = YES_ERROR;
				GCC_WARN_UNDECLARED_SELECTOR = YES;
				GCC_WARN_UNINITIALIZED_AUTOS = YES_AGGRESSIVE;
				GCC_WARN_UNUSED_FUNCTION = YES;
				GCC_WARN_UNUSED_VARIABLE = YES;
				IPHONEOS_DEPLOYMENT_TARGET = 15.5;
				MTL_ENABLE_DEBUG_INFO = INCLUDE_SOURCE;
				MTL_FAST_MATH = YES;
				ONLY_ACTIVE_ARCH = YES;
				SDKROOT = iphoneos;
				SWIFT_ACTIVE_COMPILATION_CONDITIONS = DEBUG;
				SWIFT_OPTIMIZATION_LEVEL = "-Onone";
			};
			name = Debug;
		};
		A423DFEF285846FE004D9C40 /* Release */ = {
			isa = XCBuildConfiguration;
			buildSettings = {
				ALWAYS_SEARCH_USER_PATHS = NO;
				CLANG_ANALYZER_NONNULL = YES;
				CLANG_ANALYZER_NUMBER_OBJECT_CONVERSION = YES_AGGRESSIVE;
				CLANG_CXX_LANGUAGE_STANDARD = "gnu++17";
				CLANG_ENABLE_MODULES = YES;
				CLANG_ENABLE_OBJC_ARC = YES;
				CLANG_ENABLE_OBJC_WEAK = YES;
				CLANG_WARN_BLOCK_CAPTURE_AUTORELEASING = YES;
				CLANG_WARN_BOOL_CONVERSION = YES;
				CLANG_WARN_COMMA = YES;
				CLANG_WARN_CONSTANT_CONVERSION = YES;
				CLANG_WARN_DEPRECATED_OBJC_IMPLEMENTATIONS = YES;
				CLANG_WARN_DIRECT_OBJC_ISA_USAGE = YES_ERROR;
				CLANG_WARN_DOCUMENTATION_COMMENTS = YES;
				CLANG_WARN_EMPTY_BODY = YES;
				CLANG_WARN_ENUM_CONVERSION = YES;
				CLANG_WARN_INFINITE_RECURSION = YES;
				CLANG_WARN_INT_CONVERSION = YES;
				CLANG_WARN_NON_LITERAL_NULL_CONVERSION = YES;
				CLANG_WARN_OBJC_IMPLICIT_RETAIN_SELF = YES;
				CLANG_WARN_OBJC_LITERAL_CONVERSION = YES;
				CLANG_WARN_OBJC_ROOT_CLASS = YES_ERROR;
				CLANG_WARN_QUOTED_INCLUDE_IN_FRAMEWORK_HEADER = YES;
				CLANG_WARN_RANGE_LOOP_ANALYSIS = YES;
				CLANG_WARN_STRICT_PROTOTYPES = YES;
				CLANG_WARN_SUSPICIOUS_MOVE = YES;
				CLANG_WARN_UNGUARDED_AVAILABILITY = YES_AGGRESSIVE;
				CLANG_WARN_UNREACHABLE_CODE = YES;
				CLANG_WARN__DUPLICATE_METHOD_MATCH = YES;
				COPY_PHASE_STRIP = NO;
				DEBUG_INFORMATION_FORMAT = "dwarf-with-dsym";
				ENABLE_NS_ASSERTIONS = NO;
				ENABLE_STRICT_OBJC_MSGSEND = YES;
				GCC_C_LANGUAGE_STANDARD = gnu11;
				GCC_NO_COMMON_BLOCKS = YES;
				GCC_WARN_64_TO_32_BIT_CONVERSION = YES;
				GCC_WARN_ABOUT_RETURN_TYPE = YES_ERROR;
				GCC_WARN_UNDECLARED_SELECTOR = YES;
				GCC_WARN_UNINITIALIZED_AUTOS = YES_AGGRESSIVE;
				GCC_WARN_UNUSED_FUNCTION = YES;
				GCC_WARN_UNUSED_VARIABLE = YES;
				IPHONEOS_DEPLOYMENT_TARGET = 15.5;
				MTL_ENABLE_DEBUG_INFO = NO;
				MTL_FAST_MATH = YES;
				SDKROOT = iphoneos;
				SWIFT_COMPILATION_MODE = wholemodule;
				SWIFT_OPTIMIZATION_LEVEL = "-O";
				VALIDATE_PRODUCT = YES;
			};
			name = Release;
		};
		A423DFF1285846FE004D9C40 /* Debug */ = {
			isa = XCBuildConfiguration;
			buildSettings = {
				ASSETCATALOG_COMPILER_APPICON_NAME = AppIcon;
				ASSETCATALOG_COMPILER_GLOBAL_ACCENT_COLOR_NAME = AccentColor;
				CODE_SIGN_STYLE = Automatic;
				CURRENT_PROJECT_VERSION = 1;
				DEVELOPMENT_ASSET_PATHS = "\"Project/Preview Content\"";
				ENABLE_PREVIEWS = YES;
				GENERATE_INFOPLIST_FILE = YES;
				INFOPLIST_KEY_NSPhotoLibraryAddUsageDescription = "Save cropped photo";
				INFOPLIST_KEY_UIApplicationSceneManifest_Generation = YES;
				INFOPLIST_KEY_UIApplicationSupportsIndirectInputEvents = YES;
				INFOPLIST_KEY_UILaunchScreen_Generation = YES;
				INFOPLIST_KEY_UISupportedInterfaceOrientations_iPad = "UIInterfaceOrientationPortrait UIInterfaceOrientationPortraitUpsideDown UIInterfaceOrientationLandscapeLeft UIInterfaceOrientationLandscapeRight";
				INFOPLIST_KEY_UISupportedInterfaceOrientations_iPhone = "UIInterfaceOrientationPortrait UIInterfaceOrientationLandscapeLeft UIInterfaceOrientationLandscapeRight";
				LD_RUNPATH_SEARCH_PATHS = (
					"$(inherited)",
					"@executable_path/Frameworks",
				);
				MARKETING_VERSION = 1.0;
				PRODUCT_BUNDLE_IDENTIFIER = Testing.Project;
				PRODUCT_NAME = "$(TARGET_NAME)";
				SWIFT_EMIT_LOC_STRINGS = YES;
				SWIFT_VERSION = 5.0;
				TARGETED_DEVICE_FAMILY = "1,2";
			};
			name = Debug;
		};
		A423DFF2285846FE004D9C40 /* Release */ = {
			isa = XCBuildConfiguration;
			buildSettings = {
				ASSETCATALOG_COMPILER_APPICON_NAME = AppIcon;
				ASSETCATALOG_COMPILER_GLOBAL_ACCENT_COLOR_NAME = AccentColor;
				CODE_SIGN_STYLE = Automatic;
				CURRENT_PROJECT_VERSION = 1;
				DEVELOPMENT_ASSET_PATHS = "\"Project/Preview Content\"";
				ENABLE_PREVIEWS = YES;
				GENERATE_INFOPLIST_FILE = YES;
				INFOPLIST_KEY_NSPhotoLibraryAddUsageDescription = "Save cropped photo";
				INFOPLIST_KEY_UIApplicationSceneManifest_Generation = YES;
				INFOPLIST_KEY_UIApplicationSupportsIndirectInputEvents = YES;
				INFOPLIST_KEY_UILaunchScreen_Generation = YES;
				INFOPLIST_KEY_UISupportedInterfaceOrientations_iPad = "UIInterfaceOrientationPortrait UIInterfaceOrientationPortraitUpsideDown UIInterfaceOrientationLandscapeLeft UIInterfaceOrientationLandscapeRight";
				INFOPLIST_KEY_UISupportedInterfaceOrientations_iPhone = "UIInterfaceOrientationPortrait UIInterfaceOrientationLandscapeLeft UIInterfaceOrientationLandscapeRight";
				LD_RUNPATH_SEARCH_PATHS = (
					"$(inherited)",
					"@executable_path/Frameworks",
				);
				MARKETING_VERSION = 1.0;
				PRODUCT_BUNDLE_IDENTIFIER = Testing.Project;
				PRODUCT_NAME = "$(TARGET_NAME)";
				SWIFT_EMIT_LOC_STRINGS = YES;
				SWIFT_VERSION = 5.0;
				TARGETED_DEVICE_FAMILY = "1,2";
			};
			name = Release;
		};
		A423DFF4285846FE004D9C40 /* Debug */ = {
			isa = XCBuildConfiguration;
			buildSettings = {
				ALWAYS_EMBED_SWIFT_STANDARD_LIBRARIES = YES;
				BUNDLE_LOADER = "$(TEST_HOST)";
				CODE_SIGN_STYLE = Automatic;
				CURRENT_PROJECT_VERSION = 1;
				GENERATE_INFOPLIST_FILE = YES;
				IPHONEOS_DEPLOYMENT_TARGET = 15.5;
				MARKETING_VERSION = 1.0;
				PRODUCT_BUNDLE_IDENTIFIER = Testing.ProjectTests;
				PRODUCT_NAME = "$(TARGET_NAME)";
				SWIFT_EMIT_LOC_STRINGS = NO;
				SWIFT_VERSION = 5.0;
				TARGETED_DEVICE_FAMILY = "1,2";
				TEST_HOST = "$(BUILT_PRODUCTS_DIR)/Project.app/Project";
			};
			name = Debug;
		};
		A423DFF5285846FE004D9C40 /* Release */ = {
			isa = XCBuildConfiguration;
			buildSettings = {
				ALWAYS_EMBED_SWIFT_STANDARD_LIBRARIES = YES;
				BUNDLE_LOADER = "$(TEST_HOST)";
				CODE_SIGN_STYLE = Automatic;
				CURRENT_PROJECT_VERSION = 1;
				GENERATE_INFOPLIST_FILE = YES;
				IPHONEOS_DEPLOYMENT_TARGET = 15.5;
				MARKETING_VERSION = 1.0;
				PRODUCT_BUNDLE_IDENTIFIER = Testing.ProjectTests;
				PRODUCT_NAME = "$(TARGET_NAME)";
				SWIFT_EMIT_LOC_STRINGS = NO;
				SWIFT_VERSION = 5.0;
				TARGETED_DEVICE_FAMILY = "1,2";
				TEST_HOST = "$(BUILT_PRODUCTS_DIR)/Project.app/Project";
			};
			name = Release;
		};
		A423DFF7285846FE004D9C40 /* Debug */ = {
			isa = XCBuildConfiguration;
			buildSettings = {
				ALWAYS_EMBED_SWIFT_STANDARD_LIBRARIES = YES;
				CODE_SIGN_STYLE = Automatic;
				CURRENT_PROJECT_VERSION = 1;
				GENERATE_INFOPLIST_FILE = YES;
				MARKETING_VERSION = 1.0;
				PRODUCT_BUNDLE_IDENTIFIER = Testing.ProjectUITests;
				PRODUCT_NAME = "$(TARGET_NAME)";
				SWIFT_EMIT_LOC_STRINGS = NO;
				SWIFT_VERSION = 5.0;
				TARGETED_DEVICE_FAMILY = "1,2";
				TEST_TARGET_NAME = Project;
			};
			name = Debug;
		};
		A423DFF8285846FE004D9C40 /* Release */ = {
			isa = XCBuildConfiguration;
			buildSettings = {
				ALWAYS_EMBED_SWIFT_STANDARD_LIBRARIES = YES;
				CODE_SIGN_STYLE = Automatic;
				CURRENT_PROJECT_VERSION = 1;
				GENERATE_INFOPLIST_FILE = YES;
				MARKETING_VERSION = 1.0;
				PRODUCT_BUNDLE_IDENTIFIER = Testing.ProjectUITests;
				PRODUCT_NAME = "$(TARGET_NAME)";
				SWIFT_EMIT_LOC_STRINGS = NO;
				SWIFT_VERSION = 5.0;
				TARGETED_DEVICE_FAMILY = "1,2";
				TEST_TARGET_NAME = Project;
			};
			name = Release;
		};
/* End XCBuildConfiguration section */

/* Begin XCConfigurationList section */
		A423DFC7285846F8004D9C40 /* Build configuration list for PBXProject "Project" */ = {
			isa = XCConfigurationList;
			buildConfigurations = (
				A423DFEE285846FE004D9C40 /* Debug */,
				A423DFEF285846FE004D9C40 /* Release */,
			);
			defaultConfigurationIsVisible = 0;
			defaultConfigurationName = Release;
		};
		A423DFF0285846FE004D9C40 /* Build configuration list for PBXNativeTarget "Project" */ = {
			isa = XCConfigurationList;
			buildConfigurations = (
				A423DFF1285846FE004D9C40 /* Debug */,
				A423DFF2285846FE004D9C40 /* Release */,
			);
			defaultConfigurationIsVisible = 0;
			defaultConfigurationName = Release;
		};
		A423DFF3285846FE004D9C40 /* Build configuration list for PBXNativeTarget "ProjectTests" */ = {
			isa = XCConfigurationList;
			buildConfigurations = (
				A423DFF4285846FE004D9C40 /* Debug */,
				A423DFF5285846FE004D9C40 /* Release */,
			);
			defaultConfigurationIsVisible = 0;
			defaultConfigurationName = Release;
		};
		A423DFF6285846FE004D9C40 /* Build configuration list for PBXNativeTarget "ProjectUITests" */ = {
			isa = XCConfigurationList;
			buildConfigurations = (
				A423DFF7285846FE004D9C40 /* Debug */,
				A423DFF8285846FE004D9C40 /* Release */,
			);
			defaultConfigurationIsVisible = 0;
			defaultConfigurationName = Release;
		};
/* End XCConfigurationList section */
	};
	rootObject = A423DFC4285846F8004D9C40 /* Project object */;
}
